
Microsoft Visual Studio Solution File, Format Version 12.00
# Visual Studio Version 16
VisualStudioVersion = 16.0.31025.194
MinimumVisualStudioVersion = 10.0.40219.1
Project("{FAE04EC0-301F-11D3-BF4B-00C04F79EFBC}") = "DoubleLinkList", "DoubleLinkList.csproj", "{4FFB1141-825F-4BA4-9D4C-646D55596404}"
EndProject
Global
	GlobalSection(SolutionConfigurationPlatforms) = preSolution
		Debug|Any CPU = Debug|Any CPU
		Release|Any CPU = Release|Any CPU
	EndGlobalSection
	GlobalSection(ProjectConfigurationPlatforms) = postSolution
		{4FFB1141-825F-4BA4-9D4C-646D55596404}.Debug|Any CPU.ActiveCfg = Debug|Any CPU
		{4FFB1141-825F-4BA4-9D4C-646D55596404}.Debug|Any CPU.Build.0 = Debug|Any CPU
		{4FFB1141-825F-4BA4-9D4C-646D55596404}.Release|Any CPU.ActiveCfg = Release|Any CPU
		{4FFB1141-825F-4BA4-9D4C-646D55596404}.Release|Any CPU.Build.0 = Release|Any CPU
	EndGlobalSection
	GlobalSection(SolutionProperties) = preSolution
		HideSolutionNode = FALSE
	EndGlobalSection
	GlobalSection(ExtensibilityGlobals) = postSolution
		SolutionGuid = {86CFD2B4-04D2-4796-900E-EAFFD00C82A6}
	EndGlobalSection
EndGlobal
